// !$*UTF8*$!
{
	archiveVersion = 1;
	classes = {
	};
	objectVersion = 50;
	objects = {

/* Begin PBXBuildFile section */
		B45C1C5926837D86006EF4C1 /* ProfileListItem.swift in Sources */ = {isa = PBXBuildFile; fileRef = B45C1C5826837D86006EF4C1 /* ProfileListItem.swift */; };
		B45C1C5A26837D86006EF4C1 /* ProfileListItem.swift in Sources */ = {isa = PBXBuildFile; fileRef = B45C1C5826837D86006EF4C1 /* ProfileListItem.swift */; };
		B45C1C5B26837D86006EF4C1 /* ProfileListItem.swift in Sources */ = {isa = PBXBuildFile; fileRef = B45C1C5826837D86006EF4C1 /* ProfileListItem.swift */; };
		B45C1C5D26837F4A006EF4C1 /* ProfileTopView.swift in Sources */ = {isa = PBXBuildFile; fileRef = B45C1C5C26837F4A006EF4C1 /* ProfileTopView.swift */; };
		B45C1C5E26837F4A006EF4C1 /* ProfileTopView.swift in Sources */ = {isa = PBXBuildFile; fileRef = B45C1C5C26837F4A006EF4C1 /* ProfileTopView.swift */; };
		B45C1C5F26837F4A006EF4C1 /* ProfileTopView.swift in Sources */ = {isa = PBXBuildFile; fileRef = B45C1C5C26837F4A006EF4C1 /* ProfileTopView.swift */; };
		B4AECC6D2682FB1A005FF3F2 /* ProfileView.swift in Sources */ = {isa = PBXBuildFile; fileRef = B4AECC6C2682FB1A005FF3F2 /* ProfileView.swift */; };
		B4AECC6F2682FF65005FF3F2 /* TrainView.swift in Sources */ = {isa = PBXBuildFile; fileRef = B4AECC6E2682FF65005FF3F2 /* TrainView.swift */; };
		B4AECC702682FF65005FF3F2 /* TrainView.swift in Sources */ = {isa = PBXBuildFile; fileRef = B4AECC6E2682FF65005FF3F2 /* TrainView.swift */; };
		B4AECC712682FF65005FF3F2 /* TrainView.swift in Sources */ = {isa = PBXBuildFile; fileRef = B4AECC6E2682FF65005FF3F2 /* TrainView.swift */; };
		B4AECC732682FF94005FF3F2 /* FindView.swift in Sources */ = {isa = PBXBuildFile; fileRef = B4AECC722682FF94005FF3F2 /* FindView.swift */; };
		B4AECC742682FF94005FF3F2 /* FindView.swift in Sources */ = {isa = PBXBuildFile; fileRef = B4AECC722682FF94005FF3F2 /* FindView.swift */; };
		B4AECC752682FF94005FF3F2 /* FindView.swift in Sources */ = {isa = PBXBuildFile; fileRef = B4AECC722682FF94005FF3F2 /* FindView.swift */; };
		B4AECC77268302C9005FF3F2 /* StoreView.swift in Sources */ = {isa = PBXBuildFile; fileRef = B4AECC76268302C9005FF3F2 /* StoreView.swift */; };
		B4AECC78268302C9005FF3F2 /* StoreView.swift in Sources */ = {isa = PBXBuildFile; fileRef = B4AECC76268302C9005FF3F2 /* StoreView.swift */; };
		B4AECC79268302C9005FF3F2 /* StoreView.swift in Sources */ = {isa = PBXBuildFile; fileRef = B4AECC76268302C9005FF3F2 /* StoreView.swift */; };
		B4AECC7B26831F24005FF3F2 /* CourseScroll.swift in Sources */ = {isa = PBXBuildFile; fileRef = B4AECC7A26831F24005FF3F2 /* CourseScroll.swift */; };
		B4AECC7C26831F24005FF3F2 /* CourseScroll.swift in Sources */ = {isa = PBXBuildFile; fileRef = B4AECC7A26831F24005FF3F2 /* CourseScroll.swift */; };
		B4AECC7D26831F24005FF3F2 /* CourseScroll.swift in Sources */ = {isa = PBXBuildFile; fileRef = B4AECC7A26831F24005FF3F2 /* CourseScroll.swift */; };
		B4AECC7F26831F3B005FF3F2 /* CourseItem.swift in Sources */ = {isa = PBXBuildFile; fileRef = B4AECC7E26831F3B005FF3F2 /* CourseItem.swift */; };
		B4AECC8026831F3B005FF3F2 /* CourseItem.swift in Sources */ = {isa = PBXBuildFile; fileRef = B4AECC7E26831F3B005FF3F2 /* CourseItem.swift */; };
		B4AECC8126831F3B005FF3F2 /* CourseItem.swift in Sources */ = {isa = PBXBuildFile; fileRef = B4AECC7E26831F3B005FF3F2 /* CourseItem.swift */; };
		B4AECC8426832D32005FF3F2 /* FindItem.swift in Sources */ = {isa = PBXBuildFile; fileRef = B4AECC8326832D32005FF3F2 /* FindItem.swift */; };
		B4AECC8526832D32005FF3F2 /* FindItem.swift in Sources */ = {isa = PBXBuildFile; fileRef = B4AECC8326832D32005FF3F2 /* FindItem.swift */; };
		B4AECC8626832D32005FF3F2 /* FindItem.swift in Sources */ = {isa = PBXBuildFile; fileRef = B4AECC8326832D32005FF3F2 /* FindItem.swift */; };
		B4E358E72680C6370016723C /* AppDelegate.swift in Sources */ = {isa = PBXBuildFile; fileRef = B4E358E62680C6370016723C /* AppDelegate.swift */; };
		B4E358E92680C6370016723C /* SceneDelegate.swift in Sources */ = {isa = PBXBuildFile; fileRef = B4E358E82680C6370016723C /* SceneDelegate.swift */; };
		B4E358EC2680C6370016723C /* Hundred.xcdatamodeld in Sources */ = {isa = PBXBuildFile; fileRef = B4E358EA2680C6370016723C /* Hundred.xcdatamodeld */; };
		B4E358EE2680C6370016723C /* ContentView.swift in Sources */ = {isa = PBXBuildFile; fileRef = B4E358ED2680C6370016723C /* ContentView.swift */; };
		B4E358F02680C6470016723C /* Assets.xcassets in Resources */ = {isa = PBXBuildFile; fileRef = B4E358EF2680C6470016723C /* Assets.xcassets */; };
		B4E358F32680C6470016723C /* Preview Assets.xcassets in Resources */ = {isa = PBXBuildFile; fileRef = B4E358F22680C6470016723C /* Preview Assets.xcassets */; };
		B4E358F62680C6470016723C /* LaunchScreen.storyboard in Resources */ = {isa = PBXBuildFile; fileRef = B4E358F42680C6470016723C /* LaunchScreen.storyboard */; };
		B4E359012680C6470016723C /* HundredTests.swift in Sources */ = {isa = PBXBuildFile; fileRef = B4E359002680C6470016723C /* HundredTests.swift */; };
		B4E3590C2680C6470016723C /* HundredUITests.swift in Sources */ = {isa = PBXBuildFile; fileRef = B4E3590B2680C6470016723C /* HundredUITests.swift */; };
		B4E3591B2680D1450016723C /* TrainingCardView.swift in Sources */ = {isa = PBXBuildFile; fileRef = B4E3591A2680D1450016723C /* TrainingCardView.swift */; };
		B4E3591C2680D1450016723C /* TrainingCardView.swift in Sources */ = {isa = PBXBuildFile; fileRef = B4E3591A2680D1450016723C /* TrainingCardView.swift */; };
		B4E3591D2680D1450016723C /* TrainingCardView.swift in Sources */ = {isa = PBXBuildFile; fileRef = B4E3591A2680D1450016723C /* TrainingCardView.swift */; };
		B4E3591F2680D77E0016723C /* ReadyView.swift in Sources */ = {isa = PBXBuildFile; fileRef = B4E3591E2680D77E0016723C /* ReadyView.swift */; };
		B4E359202680D77E0016723C /* ReadyView.swift in Sources */ = {isa = PBXBuildFile; fileRef = B4E3591E2680D77E0016723C /* ReadyView.swift */; };
		B4E359212680D77E0016723C /* ReadyView.swift in Sources */ = {isa = PBXBuildFile; fileRef = B4E3591E2680D77E0016723C /* ReadyView.swift */; };
		B4E359232680E1E30016723C /* CurrentBookView.swift in Sources */ = {isa = PBXBuildFile; fileRef = B4E359222680E1E30016723C /* CurrentBookView.swift */; };
		B4E359242680E1E30016723C /* CurrentBookView.swift in Sources */ = {isa = PBXBuildFile; fileRef = B4E359222680E1E30016723C /* CurrentBookView.swift */; };
		B4E359252680E1E30016723C /* CurrentBookView.swift in Sources */ = {isa = PBXBuildFile; fileRef = B4E359222680E1E30016723C /* CurrentBookView.swift */; };
		B4EB22A626838BEC00BDF171 /* PlayView.swift in Sources */ = {isa = PBXBuildFile; fileRef = B4EB22A526838BEC00BDF171 /* PlayView.swift */; };
		B4EB22A826838D5D00BDF171 /* WordView.swift in Sources */ = {isa = PBXBuildFile; fileRef = B4EB22A726838D5D00BDF171 /* WordView.swift */; };
		B4EB22A926838D5D00BDF171 /* WordView.swift in Sources */ = {isa = PBXBuildFile; fileRef = B4EB22A726838D5D00BDF171 /* WordView.swift */; };
		B4EB22AA26838D5D00BDF171 /* WordView.swift in Sources */ = {isa = PBXBuildFile; fileRef = B4EB22A726838D5D00BDF171 /* WordView.swift */; };
/* End PBXBuildFile section */

/* Begin PBXContainerItemProxy section */
		B4E358FD2680C6470016723C /* PBXContainerItemProxy */ = {
			isa = PBXContainerItemProxy;
			containerPortal = B4E358DB2680C6370016723C /* Project object */;
			proxyType = 1;
			remoteGlobalIDString = B4E358E22680C6370016723C;
			remoteInfo = Hundred;
		};
		B4E359082680C6470016723C /* PBXContainerItemProxy */ = {
			isa = PBXContainerItemProxy;
			containerPortal = B4E358DB2680C6370016723C /* Project object */;
			proxyType = 1;
			remoteGlobalIDString = B4E358E22680C6370016723C;
			remoteInfo = Hundred;
		};
/* End PBXContainerItemProxy section */

/* Begin PBXFileReference section */
		B45C1C5826837D86006EF4C1 /* ProfileListItem.swift */ = {isa = PBXFileReference; lastKnownFileType = sourcecode.swift; path = ProfileListItem.swift; sourceTree = "<group>"; };
		B45C1C5C26837F4A006EF4C1 /* ProfileTopView.swift */ = {isa = PBXFileReference; lastKnownFileType = sourcecode.swift; path = ProfileTopView.swift; sourceTree = "<group>"; };
		B4AECC6C2682FB1A005FF3F2 /* ProfileView.swift */ = {isa = PBXFileReference; lastKnownFileType = sourcecode.swift; path = ProfileView.swift; sourceTree = "<group>"; };
		B4AECC6E2682FF65005FF3F2 /* TrainView.swift */ = {isa = PBXFileReference; lastKnownFileType = sourcecode.swift; path = TrainView.swift; sourceTree = "<group>"; };
		B4AECC722682FF94005FF3F2 /* FindView.swift */ = {isa = PBXFileReference; lastKnownFileType = sourcecode.swift; path = FindView.swift; sourceTree = "<group>"; };
		B4AECC76268302C9005FF3F2 /* StoreView.swift */ = {isa = PBXFileReference; lastKnownFileType = sourcecode.swift; path = StoreView.swift; sourceTree = "<group>"; };
		B4AECC7A26831F24005FF3F2 /* CourseScroll.swift */ = {isa = PBXFileReference; lastKnownFileType = sourcecode.swift; path = CourseScroll.swift; sourceTree = "<group>"; };
		B4AECC7E26831F3B005FF3F2 /* CourseItem.swift */ = {isa = PBXFileReference; lastKnownFileType = sourcecode.swift; path = CourseItem.swift; sourceTree = "<group>"; };
		B4AECC8326832D32005FF3F2 /* FindItem.swift */ = {isa = PBXFileReference; lastKnownFileType = sourcecode.swift; path = FindItem.swift; sourceTree = "<group>"; };
		B4E358E32680C6370016723C /* Hundred.app */ = {isa = PBXFileReference; explicitFileType = wrapper.application; includeInIndex = 0; path = Hundred.app; sourceTree = BUILT_PRODUCTS_DIR; };
		B4E358E62680C6370016723C /* AppDelegate.swift */ = {isa = PBXFileReference; lastKnownFileType = sourcecode.swift; path = AppDelegate.swift; sourceTree = "<group>"; };
		B4E358E82680C6370016723C /* SceneDelegate.swift */ = {isa = PBXFileReference; lastKnownFileType = sourcecode.swift; path = SceneDelegate.swift; sourceTree = "<group>"; };
		B4E358EB2680C6370016723C /* Hundred.xcdatamodel */ = {isa = PBXFileReference; lastKnownFileType = wrapper.xcdatamodel; path = Hundred.xcdatamodel; sourceTree = "<group>"; };
		B4E358ED2680C6370016723C /* ContentView.swift */ = {isa = PBXFileReference; lastKnownFileType = sourcecode.swift; path = ContentView.swift; sourceTree = "<group>"; };
		B4E358EF2680C6470016723C /* Assets.xcassets */ = {isa = PBXFileReference; lastKnownFileType = folder.assetcatalog; path = Assets.xcassets; sourceTree = "<group>"; };
		B4E358F22680C6470016723C /* Preview Assets.xcassets */ = {isa = PBXFileReference; lastKnownFileType = folder.assetcatalog; path = "Preview Assets.xcassets"; sourceTree = "<group>"; };
		B4E358F52680C6470016723C /* Base */ = {isa = PBXFileReference; lastKnownFileType = file.storyboard; name = Base; path = Base.lproj/LaunchScreen.storyboard; sourceTree = "<group>"; };
		B4E358F72680C6470016723C /* Info.plist */ = {isa = PBXFileReference; lastKnownFileType = text.plist.xml; path = Info.plist; sourceTree = "<group>"; };
		B4E358FC2680C6470016723C /* HundredTests.xctest */ = {isa = PBXFileReference; explicitFileType = wrapper.cfbundle; includeInIndex = 0; path = HundredTests.xctest; sourceTree = BUILT_PRODUCTS_DIR; };
		B4E359002680C6470016723C /* HundredTests.swift */ = {isa = PBXFileReference; lastKnownFileType = sourcecode.swift; path = HundredTests.swift; sourceTree = "<group>"; };
		B4E359022680C6470016723C /* Info.plist */ = {isa = PBXFileReference; lastKnownFileType = text.plist.xml; path = Info.plist; sourceTree = "<group>"; };
		B4E359072680C6470016723C /* HundredUITests.xctest */ = {isa = PBXFileReference; explicitFileType = wrapper.cfbundle; includeInIndex = 0; path = HundredUITests.xctest; sourceTree = BUILT_PRODUCTS_DIR; };
		B4E3590B2680C6470016723C /* HundredUITests.swift */ = {isa = PBXFileReference; lastKnownFileType = sourcecode.swift; path = HundredUITests.swift; sourceTree = "<group>"; };
		B4E3590D2680C6470016723C /* Info.plist */ = {isa = PBXFileReference; lastKnownFileType = text.plist.xml; path = Info.plist; sourceTree = "<group>"; };
		B4E359192680CDA10016723C /* Hundred.entitlements */ = {isa = PBXFileReference; lastKnownFileType = text.plist.entitlements; path = Hundred.entitlements; sourceTree = "<group>"; };
		B4E3591A2680D1450016723C /* TrainingCardView.swift */ = {isa = PBXFileReference; lastKnownFileType = sourcecode.swift; path = TrainingCardView.swift; sourceTree = "<group>"; };
		B4E3591E2680D77E0016723C /* ReadyView.swift */ = {isa = PBXFileReference; lastKnownFileType = sourcecode.swift; path = ReadyView.swift; sourceTree = "<group>"; };
		B4E359222680E1E30016723C /* CurrentBookView.swift */ = {isa = PBXFileReference; lastKnownFileType = sourcecode.swift; path = CurrentBookView.swift; sourceTree = "<group>"; };
		B4EB22A526838BEC00BDF171 /* PlayView.swift */ = {isa = PBXFileReference; lastKnownFileType = sourcecode.swift; path = PlayView.swift; sourceTree = "<group>"; };
		B4EB22A726838D5D00BDF171 /* WordView.swift */ = {isa = PBXFileReference; lastKnownFileType = sourcecode.swift; path = WordView.swift; sourceTree = "<group>"; };
/* End PBXFileReference section */

/* Begin PBXFrameworksBuildPhase section */
		B4E358E02680C6370016723C /* Frameworks */ = {
			isa = PBXFrameworksBuildPhase;
			buildActionMask = 2147483647;
			files = (
			);
			runOnlyForDeploymentPostprocessing = 0;
		};
		B4E358F92680C6470016723C /* Frameworks */ = {
			isa = PBXFrameworksBuildPhase;
			buildActionMask = 2147483647;
			files = (
			);
			runOnlyForDeploymentPostprocessing = 0;
		};
		B4E359042680C6470016723C /* Frameworks */ = {
			isa = PBXFrameworksBuildPhase;
			buildActionMask = 2147483647;
			files = (
			);
			runOnlyForDeploymentPostprocessing = 0;
		};
/* End PBXFrameworksBuildPhase section */

/* Begin PBXGroup section */
		B4AECC8226831F46005FF3F2 /* Course */ = {
			isa = PBXGroup;
			children = (
				B4AECC7E26831F3B005FF3F2 /* CourseItem.swift */,
				B4AECC7A26831F24005FF3F2 /* CourseScroll.swift */,
			);
			path = Course;
			sourceTree = "<group>";
		};
		B4AECC8B26832D51005FF3F2 /* Find */ = {
			isa = PBXGroup;
			children = (
				B4AECC722682FF94005FF3F2 /* FindView.swift */,
				B4AECC8326832D32005FF3F2 /* FindItem.swift */,
			);
			path = Find;
			sourceTree = "<group>";
		};
		B4E358DA2680C6370016723C = {
			isa = PBXGroup;
			children = (
				B4E358E52680C6370016723C /* Hundred */,
				B4E358FF2680C6470016723C /* HundredTests */,
				B4E3590A2680C6470016723C /* HundredUITests */,
				B4E358E42680C6370016723C /* Products */,
			);
			sourceTree = "<group>";
		};
		B4E358E42680C6370016723C /* Products */ = {
			isa = PBXGroup;
			children = (
				B4E358E32680C6370016723C /* Hundred.app */,
				B4E358FC2680C6470016723C /* HundredTests.xctest */,
				B4E359072680C6470016723C /* HundredUITests.xctest */,
			);
			name = Products;
			sourceTree = "<group>";
		};
		B4E358E52680C6370016723C /* Hundred */ = {
			isa = PBXGroup;
			children = (
				B4E359192680CDA10016723C /* Hundred.entitlements */,
				B4E358E62680C6370016723C /* AppDelegate.swift */,
				B4E358E82680C6370016723C /* SceneDelegate.swift */,
				B4E358ED2680C6370016723C /* ContentView.swift */,
				B4EB22A726838D5D00BDF171 /* WordView.swift */,
				B4AECC6E2682FF65005FF3F2 /* TrainView.swift */,
				B4AECC8226831F46005FF3F2 /* Course */,
				B4AECC8B26832D51005FF3F2 /* Find */,
				B4AECC76268302C9005FF3F2 /* StoreView.swift */,
				B4AECC6C2682FB1A005FF3F2 /* ProfileView.swift */,
				B45C1C5C26837F4A006EF4C1 /* ProfileTopView.swift */,
				B45C1C5826837D86006EF4C1 /* ProfileListItem.swift */,
				B4E3591E2680D77E0016723C /* ReadyView.swift */,
				B4EB22A526838BEC00BDF171 /* PlayView.swift */,
				B4E359222680E1E30016723C /* CurrentBookView.swift */,
				B4E3591A2680D1450016723C /* TrainingCardView.swift */,
				B4E358EF2680C6470016723C /* Assets.xcassets */,
				B4E358F42680C6470016723C /* LaunchScreen.storyboard */,
				B4E358F72680C6470016723C /* Info.plist */,
				B4E358EA2680C6370016723C /* Hundred.xcdatamodeld */,
				B4E358F12680C6470016723C /* Preview Content */,
			);
			path = Hundred;
			sourceTree = "<group>";
		};
		B4E358F12680C6470016723C /* Preview Content */ = {
			isa = PBXGroup;
			children = (
				B4E358F22680C6470016723C /* Preview Assets.xcassets */,
			);
			path = "Preview Content";
			sourceTree = "<group>";
		};
		B4E358FF2680C6470016723C /* HundredTests */ = {
			isa = PBXGroup;
			children = (
				B4E359002680C6470016723C /* HundredTests.swift */,
				B4E359022680C6470016723C /* Info.plist */,
			);
			path = HundredTests;
			sourceTree = "<group>";
		};
		B4E3590A2680C6470016723C /* HundredUITests */ = {
			isa = PBXGroup;
			children = (
				B4E3590B2680C6470016723C /* HundredUITests.swift */,
				B4E3590D2680C6470016723C /* Info.plist */,
			);
			path = HundredUITests;
			sourceTree = "<group>";
		};
/* End PBXGroup section */

/* Begin PBXNativeTarget section */
		B4E358E22680C6370016723C /* Hundred */ = {
			isa = PBXNativeTarget;
			buildConfigurationList = B4E359102680C6470016723C /* Build configuration list for PBXNativeTarget "Hundred" */;
			buildPhases = (
				B4E358DF2680C6370016723C /* Sources */,
				B4E358E02680C6370016723C /* Frameworks */,
				B4E358E12680C6370016723C /* Resources */,
			);
			buildRules = (
			);
			dependencies = (
			);
			name = Hundred;
			productName = Hundred;
			productReference = B4E358E32680C6370016723C /* Hundred.app */;
			productType = "com.apple.product-type.application";
		};
		B4E358FB2680C6470016723C /* HundredTests */ = {
			isa = PBXNativeTarget;
			buildConfigurationList = B4E359132680C6470016723C /* Build configuration list for PBXNativeTarget "HundredTests" */;
			buildPhases = (
				B4E358F82680C6470016723C /* Sources */,
				B4E358F92680C6470016723C /* Frameworks */,
				B4E358FA2680C6470016723C /* Resources */,
			);
			buildRules = (
			);
			dependencies = (
				B4E358FE2680C6470016723C /* PBXTargetDependency */,
			);
			name = HundredTests;
			productName = HundredTests;
			productReference = B4E358FC2680C6470016723C /* HundredTests.xctest */;
			productType = "com.apple.product-type.bundle.unit-test";
		};
		B4E359062680C6470016723C /* HundredUITests */ = {
			isa = PBXNativeTarget;
			buildConfigurationList = B4E359162680C6470016723C /* Build configuration list for PBXNativeTarget "HundredUITests" */;
			buildPhases = (
				B4E359032680C6470016723C /* Sources */,
				B4E359042680C6470016723C /* Frameworks */,
				B4E359052680C6470016723C /* Resources */,
			);
			buildRules = (
			);
			dependencies = (
				B4E359092680C6470016723C /* PBXTargetDependency */,
			);
			name = HundredUITests;
			productName = HundredUITests;
			productReference = B4E359072680C6470016723C /* HundredUITests.xctest */;
			productType = "com.apple.product-type.bundle.ui-testing";
		};
/* End PBXNativeTarget section */

/* Begin PBXProject section */
		B4E358DB2680C6370016723C /* Project object */ = {
			isa = PBXProject;
			attributes = {
				LastSwiftUpdateCheck = 1140;
				LastUpgradeCheck = 1140;
				ORGANIZATIONNAME = CutEnglishOneHundred;
				TargetAttributes = {
					B4E358E22680C6370016723C = {
						CreatedOnToolsVersion = 11.4;
					};
					B4E358FB2680C6470016723C = {
						CreatedOnToolsVersion = 11.4;
						TestTargetID = B4E358E22680C6370016723C;
					};
					B4E359062680C6470016723C = {
						CreatedOnToolsVersion = 11.4;
						TestTargetID = B4E358E22680C6370016723C;
					};
				};
			};
			buildConfigurationList = B4E358DE2680C6370016723C /* Build configuration list for PBXProject "Hundred" */;
			compatibilityVersion = "Xcode 9.3";
			developmentRegion = en;
			hasScannedForEncodings = 0;
			knownRegions = (
				en,
				Base,
			);
			mainGroup = B4E358DA2680C6370016723C;
			productRefGroup = B4E358E42680C6370016723C /* Products */;
			projectDirPath = "";
			projectRoot = "";
			targets = (
				B4E358E22680C6370016723C /* Hundred */,
				B4E358FB2680C6470016723C /* HundredTests */,
				B4E359062680C6470016723C /* HundredUITests */,
			);
		};
/* End PBXProject section */

/* Begin PBXResourcesBuildPhase section */
		B4E358E12680C6370016723C /* Resources */ = {
			isa = PBXResourcesBuildPhase;
			buildActionMask = 2147483647;
			files = (
				B4E358F62680C6470016723C /* LaunchScreen.storyboard in Resources */,
				B4E358F32680C6470016723C /* Preview Assets.xcassets in Resources */,
				B4E358F02680C6470016723C /* Assets.xcassets in Resources */,
			);
			runOnlyForDeploymentPostprocessing = 0;
		};
		B4E358FA2680C6470016723C /* Resources */ = {
			isa = PBXResourcesBuildPhase;
			buildActionMask = 2147483647;
			files = (
			);
			runOnlyForDeploymentPostprocessing = 0;
		};
		B4E359052680C6470016723C /* Resources */ = {
			isa = PBXResourcesBuildPhase;
			buildActionMask = 2147483647;
			files = (
			);
			runOnlyForDeploymentPostprocessing = 0;
		};
/* End PBXResourcesBuildPhase section */

/* Begin PBXSourcesBuildPhase section */
		B4E358DF2680C6370016723C /* Sources */ = {
			isa = PBXSourcesBuildPhase;
			buildActionMask = 2147483647;
			files = (
				B4AECC6D2682FB1A005FF3F2 /* ProfileView.swift in Sources */,
				B4AECC8426832D32005FF3F2 /* FindItem.swift in Sources */,
				B4AECC6F2682FF65005FF3F2 /* TrainView.swift in Sources */,
				B4AECC77268302C9005FF3F2 /* StoreView.swift in Sources */,
				B4EB22A626838BEC00BDF171 /* PlayView.swift in Sources */,
				B4AECC7F26831F3B005FF3F2 /* CourseItem.swift in Sources */,
				B4E3591F2680D77E0016723C /* ReadyView.swift in Sources */,
				B45C1C5926837D86006EF4C1 /* ProfileListItem.swift in Sources */,
				B4E3591B2680D1450016723C /* TrainingCardView.swift in Sources */,
				B4E358E72680C6370016723C /* AppDelegate.swift in Sources */,
				B4AECC732682FF94005FF3F2 /* FindView.swift in Sources */,
				B4E358EC2680C6370016723C /* Hundred.xcdatamodeld in Sources */,
				B4E358EE2680C6370016723C /* ContentView.swift in Sources */,
				B4AECC7B26831F24005FF3F2 /* CourseScroll.swift in Sources */,
				B4EB22A826838D5D00BDF171 /* WordView.swift in Sources */,
				B4E358E92680C6370016723C /* SceneDelegate.swift in Sources */,
				B45C1C5D26837F4A006EF4C1 /* ProfileTopView.swift in Sources */,
				B4E359232680E1E30016723C /* CurrentBookView.swift in Sources */,
			);
			runOnlyForDeploymentPostprocessing = 0;
		};
		B4E358F82680C6470016723C /* Sources */ = {
			isa = PBXSourcesBuildPhase;
			buildActionMask = 2147483647;
			files = (
				B4AECC702682FF65005FF3F2 /* TrainView.swift in Sources */,
				B45C1C5A26837D86006EF4C1 /* ProfileListItem.swift in Sources */,
				B4E359202680D77E0016723C /* ReadyView.swift in Sources */,
				B4E359242680E1E30016723C /* CurrentBookView.swift in Sources */,
				B4AECC8526832D32005FF3F2 /* FindItem.swift in Sources */,
				B4E3591C2680D1450016723C /* TrainingCardView.swift in Sources */,
				B4AECC8026831F3B005FF3F2 /* CourseItem.swift in Sources */,
				B4E359012680C6470016723C /* HundredTests.swift in Sources */,
				B4EB22A926838D5D00BDF171 /* WordView.swift in Sources */,
				B4AECC7C26831F24005FF3F2 /* CourseScroll.swift in Sources */,
				B4AECC78268302C9005FF3F2 /* StoreView.swift in Sources */,
				B45C1C5E26837F4A006EF4C1 /* ProfileTopView.swift in Sources */,
				B4AECC742682FF94005FF3F2 /* FindView.swift in Sources */,
			);
			runOnlyForDeploymentPostprocessing = 0;
		};
		B4E359032680C6470016723C /* Sources */ = {
			isa = PBXSourcesBuildPhase;
			buildActionMask = 2147483647;
			files = (
				B4AECC712682FF65005FF3F2 /* TrainView.swift in Sources */,
				B45C1C5B26837D86006EF4C1 /* ProfileListItem.swift in Sources */,
				B4E359212680D77E0016723C /* ReadyView.swift in Sources */,
				B4E359252680E1E30016723C /* CurrentBookView.swift in Sources */,
				B4AECC8626832D32005FF3F2 /* FindItem.swift in Sources */,
				B4E3591D2680D1450016723C /* TrainingCardView.swift in Sources */,
				B4AECC8126831F3B005FF3F2 /* CourseItem.swift in Sources */,
				B4E3590C2680C6470016723C /* HundredUITests.swift in Sources */,
				B4EB22AA26838D5D00BDF171 /* WordView.swift in Sources */,
				B4AECC7D26831F24005FF3F2 /* CourseScroll.swift in Sources */,
				B4AECC79268302C9005FF3F2 /* StoreView.swift in Sources */,
				B45C1C5F26837F4A006EF4C1 /* ProfileTopView.swift in Sources */,
				B4AECC752682FF94005FF3F2 /* FindView.swift in Sources */,
			);
			runOnlyForDeploymentPostprocessing = 0;
		};
/* End PBXSourcesBuildPhase section */

/* Begin PBXTargetDependency section */
		B4E358FE2680C6470016723C /* PBXTargetDependency */ = {
			isa = PBXTargetDependency;
			target = B4E358E22680C6370016723C /* Hundred */;
			targetProxy = B4E358FD2680C6470016723C /* PBXContainerItemProxy */;
		};
		B4E359092680C6470016723C /* PBXTargetDependency */ = {
			isa = PBXTargetDependency;
			target = B4E358E22680C6370016723C /* Hundred */;
			targetProxy = B4E359082680C6470016723C /* PBXContainerItemProxy */;
		};
/* End PBXTargetDependency section */

/* Begin PBXVariantGroup section */
		B4E358F42680C6470016723C /* LaunchScreen.storyboard */ = {
			isa = PBXVariantGroup;
			children = (
				B4E358F52680C6470016723C /* Base */,
			);
			name = LaunchScreen.storyboard;
			sourceTree = "<group>";
		};
/* End PBXVariantGroup section */

/* Begin XCBuildConfiguration section */
		B4E3590E2680C6470016723C /* Debug */ = {
			isa = XCBuildConfiguration;
			buildSettings = {
				ALWAYS_SEARCH_USER_PATHS = NO;
				CLANG_ANALYZER_NONNULL = YES;
				CLANG_ANALYZER_NUMBER_OBJECT_CONVERSION = YES_AGGRESSIVE;
				CLANG_CXX_LANGUAGE_STANDARD = "gnu++14";
				CLANG_CXX_LIBRARY = "libc++";
				CLANG_ENABLE_MODULES = YES;
				CLANG_ENABLE_OBJC_ARC = YES;
				CLANG_ENABLE_OBJC_WEAK = YES;
				CLANG_WARN_BLOCK_CAPTURE_AUTORELEASING = YES;
				CLANG_WARN_BOOL_CONVERSION = YES;
				CLANG_WARN_COMMA = YES;
				CLANG_WARN_CONSTANT_CONVERSION = YES;
				CLANG_WARN_DEPRECATED_OBJC_IMPLEMENTATIONS = YES;
				CLANG_WARN_DIRECT_OBJC_ISA_USAGE = YES_ERROR;
				CLANG_WARN_DOCUMENTATION_COMMENTS = YES;
				CLANG_WARN_EMPTY_BODY = YES;
				CLANG_WARN_ENUM_CONVERSION = YES;
				CLANG_WARN_INFINITE_RECURSION = YES;
				CLANG_WARN_INT_CONVERSION = YES;
				CLANG_WARN_NON_LITERAL_NULL_CONVERSION = YES;
				CLANG_WARN_OBJC_IMPLICIT_RETAIN_SELF = YES;
				CLANG_WARN_OBJC_LITERAL_CONVERSION = YES;
				CLANG_WARN_OBJC_ROOT_CLASS = YES_ERROR;
				CLANG_WARN_RANGE_LOOP_ANALYSIS = YES;
				CLANG_WARN_STRICT_PROTOTYPES = YES;
				CLANG_WARN_SUSPICIOUS_MOVE = YES;
				CLANG_WARN_UNGUARDED_AVAILABILITY = YES_AGGRESSIVE;
				CLANG_WARN_UNREACHABLE_CODE = YES;
				CLANG_WARN__DUPLICATE_METHOD_MATCH = YES;
				COPY_PHASE_STRIP = NO;
				DEBUG_INFORMATION_FORMAT = dwarf;
				ENABLE_STRICT_OBJC_MSGSEND = YES;
				ENABLE_TESTABILITY = YES;
				GCC_C_LANGUAGE_STANDARD = gnu11;
				GCC_DYNAMIC_NO_PIC = NO;
				GCC_NO_COMMON_BLOCKS = YES;
				GCC_OPTIMIZATION_LEVEL = 0;
				GCC_PREPROCESSOR_DEFINITIONS = (
					"DEBUG=1",
					"$(inherited)",
				);
				GCC_WARN_64_TO_32_BIT_CONVERSION = YES;
				GCC_WARN_ABOUT_RETURN_TYPE = YES_ERROR;
				GCC_WARN_UNDECLARED_SELECTOR = YES;
				GCC_WARN_UNINITIALIZED_AUTOS = YES_AGGRESSIVE;
				GCC_WARN_UNUSED_FUNCTION = YES;
				GCC_WARN_UNUSED_VARIABLE = YES;
				IPHONEOS_DEPLOYMENT_TARGET = 13.4;
				MTL_ENABLE_DEBUG_INFO = INCLUDE_SOURCE;
				MTL_FAST_MATH = YES;
				ONLY_ACTIVE_ARCH = YES;
				SDKROOT = iphoneos;
				SWIFT_ACTIVE_COMPILATION_CONDITIONS = DEBUG;
				SWIFT_OPTIMIZATION_LEVEL = "-Onone";
			};
			name = Debug;
		};
		B4E3590F2680C6470016723C /* Release */ = {
			isa = XCBuildConfiguration;
			buildSettings = {
				ALWAYS_SEARCH_USER_PATHS = NO;
				CLANG_ANALYZER_NONNULL = YES;
				CLANG_ANALYZER_NUMBER_OBJECT_CONVERSION = YES_AGGRESSIVE;
				CLANG_CXX_LANGUAGE_STANDARD = "gnu++14";
				CLANG_CXX_LIBRARY = "libc++";
				CLANG_ENABLE_MODULES = YES;
				CLANG_ENABLE_OBJC_ARC = YES;
				CLANG_ENABLE_OBJC_WEAK = YES;
				CLANG_WARN_BLOCK_CAPTURE_AUTORELEASING = YES;
				CLANG_WARN_BOOL_CONVERSION = YES;
				CLANG_WARN_COMMA = YES;
				CLANG_WARN_CONSTANT_CONVERSION = YES;
				CLANG_WARN_DEPRECATED_OBJC_IMPLEMENTATIONS = YES;
				CLANG_WARN_DIRECT_OBJC_ISA_USAGE = YES_ERROR;
				CLANG_WARN_DOCUMENTATION_COMMENTS = YES;
				CLANG_WARN_EMPTY_BODY = YES;
				CLANG_WARN_ENUM_CONVERSION = YES;
				CLANG_WARN_INFINITE_RECURSION = YES;
				CLANG_WARN_INT_CONVERSION = YES;
				CLANG_WARN_NON_LITERAL_NULL_CONVERSION = YES;
				CLANG_WARN_OBJC_IMPLICIT_RETAIN_SELF = YES;
				CLANG_WARN_OBJC_LITERAL_CONVERSION = YES;
				CLANG_WARN_OBJC_ROOT_CLASS = YES_ERROR;
				CLANG_WARN_RANGE_LOOP_ANALYSIS = YES;
				CLANG_WARN_STRICT_PROTOTYPES = YES;
				CLANG_WARN_SUSPICIOUS_MOVE = YES;
				CLANG_WARN_UNGUARDED_AVAILABILITY = YES_AGGRESSIVE;
				CLANG_WARN_UNREACHABLE_CODE = YES;
				CLANG_WARN__DUPLICATE_METHOD_MATCH = YES;
				COPY_PHASE_STRIP = NO;
				DEBUG_INFORMATION_FORMAT = "dwarf-with-dsym";
				ENABLE_NS_ASSERTIONS = NO;
				ENABLE_STRICT_OBJC_MSGSEND = YES;
				GCC_C_LANGUAGE_STANDARD = gnu11;
				GCC_NO_COMMON_BLOCKS = YES;
				GCC_WARN_64_TO_32_BIT_CONVERSION = YES;
				GCC_WARN_ABOUT_RETURN_TYPE = YES_ERROR;
				GCC_WARN_UNDECLARED_SELECTOR = YES;
				GCC_WARN_UNINITIALIZED_AUTOS = YES_AGGRESSIVE;
				GCC_WARN_UNUSED_FUNCTION = YES;
				GCC_WARN_UNUSED_VARIABLE = YES;
				IPHONEOS_DEPLOYMENT_TARGET = 13.4;
				MTL_ENABLE_DEBUG_INFO = NO;
				MTL_FAST_MATH = YES;
				SDKROOT = iphoneos;
				SWIFT_COMPILATION_MODE = wholemodule;
				SWIFT_OPTIMIZATION_LEVEL = "-O";
				VALIDATE_PRODUCT = YES;
			};
			name = Release;
		};
		B4E359112680C6470016723C /* Debug */ = {
			isa = XCBuildConfiguration;
			buildSettings = {
				ASSETCATALOG_COMPILER_APPICON_NAME = AppIcon;
				CODE_SIGN_ENTITLEMENTS = Hundred/Hundred.entitlements;
				"CODE_SIGN_IDENTITY[sdk=macosx*]" = "-";
				CODE_SIGN_STYLE = Automatic;
				DEVELOPMENT_ASSET_PATHS = "\"Hundred/Preview Content\"";
				DEVELOPMENT_TEAM = PWN89SAC52;
				ENABLE_PREVIEWS = YES;
				INFOPLIST_FILE = Hundred/Info.plist;
				LD_RUNPATH_SEARCH_PATHS = (
					"$(inherited)",
					"@executable_path/Frameworks",
				);
				PRODUCT_BUNDLE_IDENTIFIER = com.xs.Hundred;
				PRODUCT_NAME = "$(TARGET_NAME)";
				SUPPORTS_MACCATALYST = YES;
				SWIFT_VERSION = 5.0;
				TARGETED_DEVICE_FAMILY = "1,2";
			};
			name = Debug;
		};
		B4E359122680C6470016723C /* Release */ = {
			isa = XCBuildConfiguration;
			buildSettings = {
				ASSETCATALOG_COMPILER_APPICON_NAME = AppIcon;
				CODE_SIGN_ENTITLEMENTS = Hundred/Hundred.entitlements;
				"CODE_SIGN_IDENTITY[sdk=macosx*]" = "-";
				CODE_SIGN_STYLE = Automatic;
				DEVELOPMENT_ASSET_PATHS = "\"Hundred/Preview Content\"";
				DEVELOPMENT_TEAM = PWN89SAC52;
				ENABLE_PREVIEWS = YES;
				INFOPLIST_FILE = Hundred/Info.plist;
				LD_RUNPATH_SEARCH_PATHS = (
					"$(inherited)",
					"@executable_path/Frameworks",
				);
				PRODUCT_BUNDLE_IDENTIFIER = com.xs.Hundred;
				PRODUCT_NAME = "$(TARGET_NAME)";
				SUPPORTS_MACCATALYST = YES;
				SWIFT_VERSION = 5.0;
				TARGETED_DEVICE_FAMILY = "1,2";
			};
			name = Release;
		};
		B4E359142680C6470016723C /* Debug */ = {
			isa = XCBuildConfiguration;
			buildSettings = {
				ALWAYS_EMBED_SWIFT_STANDARD_LIBRARIES = YES;
				BUNDLE_LOADER = "$(TEST_HOST)";
				CODE_SIGN_STYLE = Automatic;
				DEVELOPMENT_TEAM = PWN89SAC52;
				INFOPLIST_FILE = HundredTests/Info.plist;
				IPHONEOS_DEPLOYMENT_TARGET = 13.4;
				LD_RUNPATH_SEARCH_PATHS = (
					"$(inherited)",
					"@executable_path/Frameworks",
					"@loader_path/Frameworks",
				);
				PRODUCT_BUNDLE_IDENTIFIER = com.xs.HundredTests;
				PRODUCT_NAME = "$(TARGET_NAME)";
				SWIFT_VERSION = 5.0;
				TARGETED_DEVICE_FAMILY = "1,2";
				TEST_HOST = "$(BUILT_PRODUCTS_DIR)/Hundred.app/Hundred";
			};
			name = Debug;
		};
		B4E359152680C6470016723C /* Release */ = {
			isa = XCBuildConfiguration;
			buildSettings = {
				ALWAYS_EMBED_SWIFT_STANDARD_LIBRARIES = YES;
				BUNDLE_LOADER = "$(TEST_HOST)";
				CODE_SIGN_STYLE = Automatic;
				DEVELOPMENT_TEAM = PWN89SAC52;
				INFOPLIST_FILE = HundredTests/Info.plist;
				IPHONEOS_DEPLOYMENT_TARGET = 13.4;
				LD_RUNPATH_SEARCH_PATHS = (
					"$(inherited)",
					"@executable_path/Frameworks",
					"@loader_path/Frameworks",
				);
				PRODUCT_BUNDLE_IDENTIFIER = com.xs.HundredTests;
				PRODUCT_NAME = "$(TARGET_NAME)";
				SWIFT_VERSION = 5.0;
				TARGETED_DEVICE_FAMILY = "1,2";
				TEST_HOST = "$(BUILT_PRODUCTS_DIR)/Hundred.app/Hundred";
			};
			name = Release;
		};
		B4E359172680C6470016723C /* Debug */ = {
			isa = XCBuildConfiguration;
			buildSettings = {
				ALWAYS_EMBED_SWIFT_STANDARD_LIBRARIES = YES;
				CODE_SIGN_STYLE = Automatic;
				DEVELOPMENT_TEAM = PWN89SAC52;
				INFOPLIST_FILE = HundredUITests/Info.plist;
				LD_RUNPATH_SEARCH_PATHS = (
					"$(inherited)",
					"@executable_path/Frameworks",
					"@loader_path/Frameworks",
				);
				PRODUCT_BUNDLE_IDENTIFIER = com.xs.HundredUITests;
				PRODUCT_NAME = "$(TARGET_NAME)";
				SWIFT_VERSION = 5.0;
				TARGETED_DEVICE_FAMILY = "1,2";
				TEST_TARGET_NAME = Hundred;
			};
			name = Debug;
		};
		B4E359182680C6470016723C /* Release */ = {
			isa = XCBuildConfiguration;
			buildSettings = {
				ALWAYS_EMBED_SWIFT_STANDARD_LIBRARIES = YES;
				CODE_SIGN_STYLE = Automatic;
				DEVELOPMENT_TEAM = PWN89SAC52;
				INFOPLIST_FILE = HundredUITests/Info.plist;
				LD_RUNPATH_SEARCH_PATHS = (
					"$(inherited)",
					"@executable_path/Frameworks",
					"@loader_path/Frameworks",
				);
				PRODUCT_BUNDLE_IDENTIFIER = com.xs.HundredUITests;
				PRODUCT_NAME = "$(TARGET_NAME)";
				SWIFT_VERSION = 5.0;
				TARGETED_DEVICE_FAMILY = "1,2";
				TEST_TARGET_NAME = Hundred;
			};
			name = Release;
		};
/* End XCBuildConfiguration section */

/* Begin XCConfigurationList section */
		B4E358DE2680C6370016723C /* Build configuration list for PBXProject "Hundred" */ = {
			isa = XCConfigurationList;
			buildConfigurations = (
				B4E3590E2680C6470016723C /* Debug */,
				B4E3590F2680C6470016723C /* Release */,
			);
			defaultConfigurationIsVisible = 0;
			defaultConfigurationName = Release;
		};
		B4E359102680C6470016723C /* Build configuration list for PBXNativeTarget "Hundred" */ = {
			isa = XCConfigurationList;
			buildConfigurations = (
				B4E359112680C6470016723C /* Debug */,
				B4E359122680C6470016723C /* Release */,
			);
			defaultConfigurationIsVisible = 0;
			defaultConfigurationName = Release;
		};
		B4E359132680C6470016723C /* Build configuration list for PBXNativeTarget "HundredTests" */ = {
			isa = XCConfigurationList;
			buildConfigurations = (
				B4E359142680C6470016723C /* Debug */,
				B4E359152680C6470016723C /* Release */,
			);
			defaultConfigurationIsVisible = 0;
			defaultConfigurationName = Release;
		};
		B4E359162680C6470016723C /* Build configuration list for PBXNativeTarget "HundredUITests" */ = {
			isa = XCConfigurationList;
			buildConfigurations = (
				B4E359172680C6470016723C /* Debug */,
				B4E359182680C6470016723C /* Release */,
			);
			defaultConfigurationIsVisible = 0;
			defaultConfigurationName = Release;
		};
/* End XCConfigurationList section */

/* Begin XCVersionGroup section */
		B4E358EA2680C6370016723C /* Hundred.xcdatamodeld */ = {
			isa = XCVersionGroup;
			children = (
				B4E358EB2680C6370016723C /* Hundred.xcdatamodel */,
			);
			currentVersion = B4E358EB2680C6370016723C /* Hundred.xcdatamodel */;
			path = Hundred.xcdatamodeld;
			sourceTree = "<group>";
			versionGroupType = wrapper.xcdatamodel;
		};
/* End XCVersionGroup section */
	};
	rootObject = B4E358DB2680C6370016723C /* Project object */;
}
